
Microsoft Visual Studio Solution File, Format Version 12.00
# Visual Studio Version 16
VisualStudioVersion = 16.0.30523.141
MinimumVisualStudioVersion = 10.0.40219.1
Project("{FAE04EC0-301F-11D3-BF4B-00C04F79EFBC}") = "MimicAPI", "MimicAPI\MimicAPI.csproj", "{DCC5B2C9-226C-4CA4-871C-B92682793DF4}"
EndProject
Global
	GlobalSection(SolutionConfigurationPlatforms) = preSolution
		Debug|Any CPU = Debug|Any CPU
		Release|Any CPU = Release|Any CPU
	EndGlobalSection
	GlobalSection(ProjectConfigurationPlatforms) = postSolution
		{DCC5B2C9-226C-4CA4-871C-B92682793DF4}.Debug|Any CPU.ActiveCfg = Debug|Any CPU
		{DCC5B2C9-226C-4CA4-871C-B92682793DF4}.Debug|Any CPU.Build.0 = Debug|Any CPU
		{DCC5B2C9-226C-4CA4-871C-B92682793DF4}.Release|Any CPU.ActiveCfg = Release|Any CPU
		{DCC5B2C9-226C-4CA4-871C-B92682793DF4}.Release|Any CPU.Build.0 = Release|Any CPU
	EndGlobalSection
	GlobalSection(SolutionProperties) = preSolution
		HideSolutionNode = FALSE
	EndGlobalSection
	GlobalSection(ExtensibilityGlobals) = postSolution
		SolutionGuid = {DFF1E3B1-8E5F-4CD0-9F58-AA323A4E9CDC}
	EndGlobalSection
EndGlobal
